
Microsoft Visual Studio Solution File, Format Version 12.00
# Visual Studio 15
VisualStudioVersion = 15.0.27130.2024
MinimumVisualStudioVersion = 10.0.40219.1
Project("{8BC9CEB8-8B4A-11D0-8D11-00A0C91BC942}") = "0704", "0704\0704.vcxproj", "{F83AC5E5-2460-4424-A0CA-31BBD796E5D1}"
EndProject
Global
	GlobalSection(SolutionConfigurationPlatforms) = preSolution
		Debug|x64 = Debug|x64
		Debug|x86 = Debug|x86
		Release|x64 = Release|x64
		Release|x86 = Release|x86
	EndGlobalSection
	GlobalSection(ProjectConfigurationPlatforms) = postSolution
		{F83AC5E5-2460-4424-A0CA-31BBD796E5D1}.Debug|x64.ActiveCfg = Debug|x64
		{F83AC5E5-2460-4424-A0CA-31BBD796E5D1}.Debug|x64.Build.0 = Debug|x64
		{F83AC5E5-2460-4424-A0CA-31BBD796E5D1}.Debug|x86.ActiveCfg = Debug|Win32
		{F83AC5E5-2460-4424-A0CA-31BBD796E5D1}.Debug|x86.Build.0 = Debug|Win32
		{F83AC5E5-2460-4424-A0CA-31BBD796E5D1}.Release|x64.ActiveCfg = Release|x64
		{F83AC5E5-2460-4424-A0CA-31BBD796E5D1}.Release|x64.Build.0 = Release|x64
		{F83AC5E5-2460-4424-A0CA-31BBD796E5D1}.Release|x86.ActiveCfg = Release|Win32
		{F83AC5E5-2460-4424-A0CA-31BBD796E5D1}.Release|x86.Build.0 = Release|Win32
	EndGlobalSection
	GlobalSection(SolutionProperties) = preSolution
		HideSolutionNode = FALSE
	EndGlobalSection
	GlobalSection(ExtensibilityGlobals) = postSolution
		SolutionGuid = {1FC8C23C-ED0F-48A5-AB28-26FA7DABBA42}
	EndGlobalSection
EndGlobal
