
Microsoft Visual Studio Solution File, Format Version 12.00
# Visual Studio 15
VisualStudioVersion = 15.0.27703.2042
MinimumVisualStudioVersion = 10.0.40219.1
Project("{8BC9CEB8-8B4A-11D0-8D11-00A0C91BC942}") = "0804", "0804\0804.vcxproj", "{DDEA311C-F72A-48E5-991C-9CCE51B26BE3}"
EndProject
Global
	GlobalSection(SolutionConfigurationPlatforms) = preSolution
		Debug|x64 = Debug|x64
		Debug|x86 = Debug|x86
		Release|x64 = Release|x64
		Release|x86 = Release|x86
	EndGlobalSection
	GlobalSection(ProjectConfigurationPlatforms) = postSolution
		{DDEA311C-F72A-48E5-991C-9CCE51B26BE3}.Debug|x64.ActiveCfg = Debug|x64
		{DDEA311C-F72A-48E5-991C-9CCE51B26BE3}.Debug|x64.Build.0 = Debug|x64
		{DDEA311C-F72A-48E5-991C-9CCE51B26BE3}.Debug|x86.ActiveCfg = Debug|Win32
		{DDEA311C-F72A-48E5-991C-9CCE51B26BE3}.Debug|x86.Build.0 = Debug|Win32
		{DDEA311C-F72A-48E5-991C-9CCE51B26BE3}.Release|x64.ActiveCfg = Release|x64
		{DDEA311C-F72A-48E5-991C-9CCE51B26BE3}.Release|x64.Build.0 = Release|x64
		{DDEA311C-F72A-48E5-991C-9CCE51B26BE3}.Release|x86.ActiveCfg = Release|Win32
		{DDEA311C-F72A-48E5-991C-9CCE51B26BE3}.Release|x86.Build.0 = Release|Win32
	EndGlobalSection
	GlobalSection(SolutionProperties) = preSolution
		HideSolutionNode = FALSE
	EndGlobalSection
	GlobalSection(ExtensibilityGlobals) = postSolution
		SolutionGuid = {0E3CC19B-A705-412E-90B5-62365DE2CADF}
	EndGlobalSection
EndGlobal
